
Microsoft Visual Studio Solution File, Format Version 12.00
# Visual Studio Version 16
VisualStudioVersion = 16.0.30523.141
MinimumVisualStudioVersion = 10.0.40219.1
Project("{8BC9CEB8-8B4A-11D0-8D11-00A0C91BC942}") = "lab6.2_iter", "lab6.2_iter\lab6.2_iter.vcxproj", "{2FE00E7C-BE5E-4002-A0DB-899EF4C183BE}"
EndProject
Project("{8BC9CEB8-8B4A-11D0-8D11-00A0C91BC942}") = "test_lab6.2", "test_lab6.2\test_lab6.2.vcxproj", "{45984EBA-366C-4302-9651-6C20E1943689}"
EndProject
Global
	GlobalSection(SolutionConfigurationPlatforms) = preSolution
		Debug|x64 = Debug|x64
		Debug|x86 = Debug|x86
		Release|x64 = Release|x64
		Release|x86 = Release|x86
	EndGlobalSection
	GlobalSection(ProjectConfigurationPlatforms) = postSolution
		{2FE00E7C-BE5E-4002-A0DB-899EF4C183BE}.Debug|x64.ActiveCfg = Debug|x64
		{2FE00E7C-BE5E-4002-A0DB-899EF4C183BE}.Debug|x64.Build.0 = Debug|x64
		{2FE00E7C-BE5E-4002-A0DB-899EF4C183BE}.Debug|x86.ActiveCfg = Debug|Win32
		{2FE00E7C-BE5E-4002-A0DB-899EF4C183BE}.Debug|x86.Build.0 = Debug|Win32
		{2FE00E7C-BE5E-4002-A0DB-899EF4C183BE}.Release|x64.ActiveCfg = Release|x64
		{2FE00E7C-BE5E-4002-A0DB-899EF4C183BE}.Release|x64.Build.0 = Release|x64
		{2FE00E7C-BE5E-4002-A0DB-899EF4C183BE}.Release|x86.ActiveCfg = Release|Win32
		{2FE00E7C-BE5E-4002-A0DB-899EF4C183BE}.Release|x86.Build.0 = Release|Win32
		{45984EBA-366C-4302-9651-6C20E1943689}.Debug|x64.ActiveCfg = Debug|x64
		{45984EBA-366C-4302-9651-6C20E1943689}.Debug|x64.Build.0 = Debug|x64
		{45984EBA-366C-4302-9651-6C20E1943689}.Debug|x86.ActiveCfg = Debug|Win32
		{45984EBA-366C-4302-9651-6C20E1943689}.Debug|x86.Build.0 = Debug|Win32
		{45984EBA-366C-4302-9651-6C20E1943689}.Release|x64.ActiveCfg = Release|x64
		{45984EBA-366C-4302-9651-6C20E1943689}.Release|x64.Build.0 = Release|x64
		{45984EBA-366C-4302-9651-6C20E1943689}.Release|x86.ActiveCfg = Release|Win32
		{45984EBA-366C-4302-9651-6C20E1943689}.Release|x86.Build.0 = Release|Win32
	EndGlobalSection
	GlobalSection(SolutionProperties) = preSolution
		HideSolutionNode = FALSE
	EndGlobalSection
	GlobalSection(ExtensibilityGlobals) = postSolution
		SolutionGuid = {18615E10-B1BA-42DD-B7F6-FED81103B48F}
	EndGlobalSection
EndGlobal
