
Microsoft Visual Studio Solution File, Format Version 12.00
# Visual Studio Version 16
VisualStudioVersion = 16.0.30523.141
MinimumVisualStudioVersion = 10.0.40219.1
Project("{8BC9CEB8-8B4A-11D0-8D11-00A0C91BC942}") = "lab6.3_rec", "lab6.3_rec\lab6.3_rec.vcxproj", "{C88AE980-FA92-4B7B-9A45-6F7D41B4FE1C}"
EndProject
Project("{8BC9CEB8-8B4A-11D0-8D11-00A0C91BC942}") = "test_lab6.3rec", "test_lab6.3rec\test_lab6.3rec.vcxproj", "{35E1B445-E4AD-42E0-A8DC-B06874E3AD79}"
EndProject
Global
	GlobalSection(SolutionConfigurationPlatforms) = preSolution
		Debug|x64 = Debug|x64
		Debug|x86 = Debug|x86
		Release|x64 = Release|x64
		Release|x86 = Release|x86
	EndGlobalSection
	GlobalSection(ProjectConfigurationPlatforms) = postSolution
		{C88AE980-FA92-4B7B-9A45-6F7D41B4FE1C}.Debug|x64.ActiveCfg = Debug|x64
		{C88AE980-FA92-4B7B-9A45-6F7D41B4FE1C}.Debug|x64.Build.0 = Debug|x64
		{C88AE980-FA92-4B7B-9A45-6F7D41B4FE1C}.Debug|x86.ActiveCfg = Debug|Win32
		{C88AE980-FA92-4B7B-9A45-6F7D41B4FE1C}.Debug|x86.Build.0 = Debug|Win32
		{C88AE980-FA92-4B7B-9A45-6F7D41B4FE1C}.Release|x64.ActiveCfg = Release|x64
		{C88AE980-FA92-4B7B-9A45-6F7D41B4FE1C}.Release|x64.Build.0 = Release|x64
		{C88AE980-FA92-4B7B-9A45-6F7D41B4FE1C}.Release|x86.ActiveCfg = Release|Win32
		{C88AE980-FA92-4B7B-9A45-6F7D41B4FE1C}.Release|x86.Build.0 = Release|Win32
		{35E1B445-E4AD-42E0-A8DC-B06874E3AD79}.Debug|x64.ActiveCfg = Debug|x64
		{35E1B445-E4AD-42E0-A8DC-B06874E3AD79}.Debug|x64.Build.0 = Debug|x64
		{35E1B445-E4AD-42E0-A8DC-B06874E3AD79}.Debug|x86.ActiveCfg = Debug|Win32
		{35E1B445-E4AD-42E0-A8DC-B06874E3AD79}.Debug|x86.Build.0 = Debug|Win32
		{35E1B445-E4AD-42E0-A8DC-B06874E3AD79}.Release|x64.ActiveCfg = Release|x64
		{35E1B445-E4AD-42E0-A8DC-B06874E3AD79}.Release|x64.Build.0 = Release|x64
		{35E1B445-E4AD-42E0-A8DC-B06874E3AD79}.Release|x86.ActiveCfg = Release|Win32
		{35E1B445-E4AD-42E0-A8DC-B06874E3AD79}.Release|x86.Build.0 = Release|Win32
	EndGlobalSection
	GlobalSection(SolutionProperties) = preSolution
		HideSolutionNode = FALSE
	EndGlobalSection
	GlobalSection(ExtensibilityGlobals) = postSolution
		SolutionGuid = {56E1EAF6-2BF8-4382-B62F-7407A89814A6}
	EndGlobalSection
EndGlobal
